# This file is generated by running "yarn install" inside your project.
# Manual changes might be lost - proceed with caution!

__metadata:
  version: 8
  cacheKey: 10c0

"@emnapi/core@npm:1.10.0":
  version: 1.10.0
  resolution: "@emnapi/core@npm:1.10.0"
  dependencies:
    "@emnapi/wasi-threads": "npm:1.2.1"
    tslib: "npm:^2.4.0"
  checksum: 10c0/f51d08227857b60632de7714d708124f0e100a1462dde6df8221760939aa3204a73193830371830fac0716f3ccd2129f2cac1b17cd7d7958bc4da9018a296edb
  languageName: node
  linkType: hard

"@emnapi/runtime@npm:1.10.0":
  version: 1.10.0
  resolution: "@emnapi/runtime@npm:1.10.0"
  dependencies:
    tslib: "npm:^2.4.0"
  checksum: 10c0/953f14991d1aefb92ee6f8eb27dea725e484791a53a0cb5f47d9e0087b9a2c929ff2e92adf95af15d6ad456db6300c6b761ebf72b50a875b874a83520b3ba093
  languageName: node
  linkType: hard

"@emnapi/wasi-threads@npm:1.2.1":
  version: 1.2.1
  resolution: "@emnapi/wasi-threads@npm:1.2.1"
  dependencies:
    tslib: "npm:^2.4.0"
  checksum: 10c0/32fcfa81ab396533b2ec1f4082b1ff779a05d9c836bbbd3f4398405b0e6814c0d9503b7993130e37bc6941dbc1ded49f55e9700ae9ca4e803bab2b5bc5deb331
  languageName: node
  linkType: hard

"@isaacs/fs-minipass@npm:^4.0.0":
  version: 4.0.1
  resolution: "@isaacs/fs-minipass@npm:4.0.1"
  dependencies:
    minipass: "npm:^7.0.4"
  checksum: 10c0/c25b6dc1598790d5b55c0947a9b7d111cfa92594db5296c3b907e2f533c033666f692a3939eadac17b1c7c40d362d0b0635dc874cbfe3e70db7c2b07cc97a5d2
  languageName: node
  linkType: hard

"@jahia/javascript-modules-library@npm:1.2.0":
  version: 1.2.0
  resolution: "@jahia/javascript-modules-library@npm:1.2.0"
  peerDependencies:
    "@graphql-typed-document-node/core": ^3.2.0
    graphql: "*"
    i18next: ^25.0.0
    react: ^19.0.0
    react-dom: ^19.0.0
    react-i18next: ^15.4.0 || ^16.0.0
  peerDependenciesMeta:
    "@graphql-typed-document-node/core":
      optional: true
    graphql:
      optional: true
    i18next:
      optional: true
    react:
      optional: true
    react-dom:
      optional: true
    react-i18next:
      optional: true
  checksum: 10c0/c97a5caaf406a3ed5d36de529cd950eb72882a0695ce423280ee40e1822172ff8c70679b7f4b10d989822cee8f6d496e75c51823a73fa2e5f79a9408a890e83f
  languageName: node
  linkType: hard

"@jahia/vite-plugin@npm:1.2.0":
  version: 1.2.0
  resolution: "@jahia/vite-plugin@npm:1.2.0"
  dependencies:
    "@rollup/pluginutils": "npm:^5.3.0"
    dotenv: "npm:^17.2.3"
    magic-string: "npm:^0.30.21"
    tinyglobby: "npm:^0.2.15"
  peerDependencies:
    vite: ">=6.0.0"
  bin:
    jahia-deploy: bin/jahia-deploy.js
  checksum: 10c0/2f2dec4e041dd9b2a6ce4d64b8bd529bdb4c1d8a59d6ead97a9d93b5e5f285599d1ea8038f919b97d25e5bb8678b302c80e30a6506f6cb8cebad775e8b56dc96
  languageName: node
  linkType: hard

"@jridgewell/sourcemap-codec@npm:^1.5.5":
  version: 1.5.5
  resolution: "@jridgewell/sourcemap-codec@npm:1.5.5"
  checksum: 10c0/f9e538f302b63c0ebc06eecb1dd9918dd4289ed36147a0ddce35d6ea4d7ebbda243cda7b2213b6a5e1d8087a298d5cf630fb2bd39329cdecb82017023f6081a0
  languageName: node
  linkType: hard

"@napi-rs/wasm-runtime@npm:^1.1.4":
  version: 1.1.4
  resolution: "@napi-rs/wasm-runtime@npm:1.1.4"
  dependencies:
    "@tybys/wasm-util": "npm:^0.10.1"
  peerDependencies:
    "@emnapi/core": ^1.7.1
    "@emnapi/runtime": ^1.7.1
  checksum: 10c0/2e88e1955258949ccf2d18c79975821ad38071b465ef126a5e14110977b97868867b016c1ad046e963cccc42c0bd9db6c8ff5fd1ebb61b87bb3487f339041658
  languageName: node
  linkType: hard

"@oxc-project/types@npm:=0.127.0":
  version: 0.127.0
  resolution: "@oxc-project/types@npm:0.127.0"
  checksum: 10c0/52c0947ac64a9ca119fe971f947e784a35ecd14a072fa3f542a58a5f6c42010b53f2bf92731e39b9899b83c990a9517bbd29d1e5a5b7b489e52616685c6a9278
  languageName: node
  linkType: hard

"@rolldown/binding-android-arm64@npm:1.0.0-rc.17":
  version: 1.0.0-rc.17
  resolution: "@rolldown/binding-android-arm64@npm:1.0.0-rc.17"
  conditions: os=android & cpu=arm64
  languageName: node
  linkType: hard

"@rolldown/binding-darwin-arm64@npm:1.0.0-rc.17":
  version: 1.0.0-rc.17
  resolution: "@rolldown/binding-darwin-arm64@npm:1.0.0-rc.17"
  conditions: os=darwin & cpu=arm64
  languageName: node
  linkType: hard

"@rolldown/binding-darwin-x64@npm:1.0.0-rc.17":
  version: 1.0.0-rc.17
  resolution: "@rolldown/binding-darwin-x64@npm:1.0.0-rc.17"
  conditions: os=darwin & cpu=x64
  languageName: node
  linkType: hard

"@rolldown/binding-freebsd-x64@npm:1.0.0-rc.17":
  version: 1.0.0-rc.17
  resolution: "@rolldown/binding-freebsd-x64@npm:1.0.0-rc.17"
  conditions: os=freebsd & cpu=x64
  languageName: node
  linkType: hard

"@rolldown/binding-linux-arm-gnueabihf@npm:1.0.0-rc.17":
  version: 1.0.0-rc.17
  resolution: "@rolldown/binding-linux-arm-gnueabihf@npm:1.0.0-rc.17"
  conditions: os=linux & cpu=arm
  languageName: node
  linkType: hard

"@rolldown/binding-linux-arm64-gnu@npm:1.0.0-rc.17":
  version: 1.0.0-rc.17
  resolution: "@rolldown/binding-linux-arm64-gnu@npm:1.0.0-rc.17"
  conditions: os=linux & cpu=arm64 & libc=glibc
  languageName: node
  linkType: hard

"@rolldown/binding-linux-arm64-musl@npm:1.0.0-rc.17":
  version: 1.0.0-rc.17
  resolution: "@rolldown/binding-linux-arm64-musl@npm:1.0.0-rc.17"
  conditions: os=linux & cpu=arm64 & libc=musl
  languageName: node
  linkType: hard

"@rolldown/binding-linux-ppc64-gnu@npm:1.0.0-rc.17":
  version: 1.0.0-rc.17
  resolution: "@rolldown/binding-linux-ppc64-gnu@npm:1.0.0-rc.17"
  conditions: os=linux & cpu=ppc64 & libc=glibc
  languageName: node
  linkType: hard

"@rolldown/binding-linux-s390x-gnu@npm:1.0.0-rc.17":
  version: 1.0.0-rc.17
  resolution: "@rolldown/binding-linux-s390x-gnu@npm:1.0.0-rc.17"
  conditions: os=linux & cpu=s390x & libc=glibc
  languageName: node
  linkType: hard

"@rolldown/binding-linux-x64-gnu@npm:1.0.0-rc.17":
  version: 1.0.0-rc.17
  resolution: "@rolldown/binding-linux-x64-gnu@npm:1.0.0-rc.17"
  conditions: os=linux & cpu=x64 & libc=glibc
  languageName: node
  linkType: hard

"@rolldown/binding-linux-x64-musl@npm:1.0.0-rc.17":
  version: 1.0.0-rc.17
  resolution: "@rolldown/binding-linux-x64-musl@npm:1.0.0-rc.17"
  conditions: os=linux & cpu=x64 & libc=musl
  languageName: node
  linkType: hard

"@rolldown/binding-openharmony-arm64@npm:1.0.0-rc.17":
  version: 1.0.0-rc.17
  resolution: "@rolldown/binding-openharmony-arm64@npm:1.0.0-rc.17"
  conditions: os=openharmony & cpu=arm64
  languageName: node
  linkType: hard

"@rolldown/binding-wasm32-wasi@npm:1.0.0-rc.17":
  version: 1.0.0-rc.17
  resolution: "@rolldown/binding-wasm32-wasi@npm:1.0.0-rc.17"
  dependencies:
    "@emnapi/core": "npm:1.10.0"
    "@emnapi/runtime": "npm:1.10.0"
    "@napi-rs/wasm-runtime": "npm:^1.1.4"
  conditions: cpu=wasm32
  languageName: node
  linkType: hard

"@rolldown/binding-win32-arm64-msvc@npm:1.0.0-rc.17":
  version: 1.0.0-rc.17
  resolution: "@rolldown/binding-win32-arm64-msvc@npm:1.0.0-rc.17"
  conditions: os=win32 & cpu=arm64
  languageName: node
  linkType: hard

"@rolldown/binding-win32-x64-msvc@npm:1.0.0-rc.17":
  version: 1.0.0-rc.17
  resolution: "@rolldown/binding-win32-x64-msvc@npm:1.0.0-rc.17"
  conditions: os=win32 & cpu=x64
  languageName: node
  linkType: hard

"@rolldown/pluginutils@npm:1.0.0-rc.17":
  version: 1.0.0-rc.17
  resolution: "@rolldown/pluginutils@npm:1.0.0-rc.17"
  checksum: 10c0/5e840b20cc531910c093c1ca36e550952cf4936465a50d89f0a98fc9d0dfd7d319d06a10a5f4376209d89e9bf4d60af6cc8363ebf0dcc5e60842f7fef438b2f0
  languageName: node
  linkType: hard

"@rollup/pluginutils@npm:^5.3.0":
  version: 5.3.0
  resolution: "@rollup/pluginutils@npm:5.3.0"
  dependencies:
    "@types/estree": "npm:^1.0.0"
    estree-walker: "npm:^2.0.2"
    picomatch: "npm:^4.0.2"
  peerDependencies:
    rollup: ^1.20.0||^2.0.0||^3.0.0||^4.0.0
  peerDependenciesMeta:
    rollup:
      optional: true
  checksum: 10c0/001834bf62d7cf5bac424d2617c113f7f7d3b2bf3c1778cbcccb72cdc957b68989f8e7747c782c2b911f1dde8257f56f8ac1e779e29e74e638e3f1e2cac2bcd0
  languageName: node
  linkType: hard

"@tybys/wasm-util@npm:^0.10.1":
  version: 0.10.2
  resolution: "@tybys/wasm-util@npm:0.10.2"
  dependencies:
    tslib: "npm:^2.4.0"
  checksum: 10c0/26165bcd1fd7269f42d7fbe3de318f854a8968de8397e89fc9a423bb3e2da35a52150f382e6323b3367595beb16d9800a6f35971a5599daf76da1742ec3afc25
  languageName: node
  linkType: hard

"@types/estree@npm:^1.0.0":
  version: 1.0.8
  resolution: "@types/estree@npm:1.0.8"
  checksum: 10c0/39d34d1afaa338ab9763f37ad6066e3f349444f9052b9676a7cc0252ef9485a41c6d81c9c4e0d26e9077993354edf25efc853f3224dd4b447175ef62bdcc86a5
  languageName: node
  linkType: hard

"@types/react-dom@npm:^19.2.3":
  version: 19.2.3
  resolution: "@types/react-dom@npm:19.2.3"
  peerDependencies:
    "@types/react": ^19.2.0
  checksum: 10c0/b486ebe0f4e2fb35e2e108df1d8fc0927ca5d6002d5771e8a739de11239fe62d0e207c50886185253c99eb9dedfeeb956ea7429e5ba17f6693c7acb4c02f8cd1
  languageName: node
  linkType: hard

"@types/react@npm:^19.2.14":
  version: 19.2.14
  resolution: "@types/react@npm:19.2.14"
  dependencies:
    csstype: "npm:^3.2.2"
  checksum: 10c0/7d25bf41b57719452d86d2ac0570b659210402707313a36ee612666bf11275a1c69824f8c3ee1fdca077ccfe15452f6da8f1224529b917050eb2d861e52b59b7
  languageName: node
  linkType: hard

"abbrev@npm:^4.0.0":
  version: 4.0.0
  resolution: "abbrev@npm:4.0.0"
  checksum: 10c0/b4cc16935235e80702fc90192e349e32f8ef0ed151ef506aa78c81a7c455ec18375c4125414b99f84b2e055199d66383e787675f0bcd87da7a4dbd59f9eac1d5
  languageName: node
  linkType: hard

"chownr@npm:^3.0.0":
  version: 3.0.0
  resolution: "chownr@npm:3.0.0"
  checksum: 10c0/43925b87700f7e3893296c8e9c56cc58f926411cce3a6e5898136daaf08f08b9a8eb76d37d3267e707d0dcc17aed2e2ebdf5848c0c3ce95cf910a919935c1b10
  languageName: node
  linkType: hard

"csstype@npm:^3.2.2":
  version: 3.2.3
  resolution: "csstype@npm:3.2.3"
  checksum: 10c0/cd29c51e70fa822f1cecd8641a1445bed7063697469d35633b516e60fe8c1bde04b08f6c5b6022136bb669b64c63d4173af54864510fbb4ee23281801841a3ce
  languageName: node
  linkType: hard

"detect-libc@npm:^2.0.3":
  version: 2.1.2
  resolution: "detect-libc@npm:2.1.2"
  checksum: 10c0/acc675c29a5649fa1fb6e255f993b8ee829e510b6b56b0910666949c80c364738833417d0edb5f90e4e46be17228b0f2b66a010513984e18b15deeeac49369c4
  languageName: node
  linkType: hard

"dotenv@npm:^17.2.3":
  version: 17.4.2
  resolution: "dotenv@npm:17.4.2"
  checksum: 10c0/164f8e77a646c8446867d5b588d26ea6005c8ea7c5eb41cf926f6113d23f2191355f6e0cfd95ea9bab98394a5b0a3f1e51a8399711b666fe55cc7b0bd745f942
  languageName: node
  linkType: hard

"env-paths@npm:^2.2.0":
  version: 2.2.1
  resolution: "env-paths@npm:2.2.1"
  checksum: 10c0/285325677bf00e30845e330eec32894f5105529db97496ee3f598478e50f008c5352a41a30e5e72ec9de8a542b5a570b85699cd63bd2bc646dbcb9f311d83bc4
  languageName: node
  linkType: hard

"estree-walker@npm:^2.0.2":
  version: 2.0.2
  resolution: "estree-walker@npm:2.0.2"
  checksum: 10c0/53a6c54e2019b8c914dc395890153ffdc2322781acf4bd7d1a32d7aedc1710807bdcd866ac133903d5629ec601fbb50abe8c2e5553c7f5a0afdd9b6af6c945af
  languageName: node
  linkType: hard

"exponential-backoff@npm:^3.1.1":
  version: 3.1.3
  resolution: "exponential-backoff@npm:3.1.3"
  checksum: 10c0/77e3ae682b7b1f4972f563c6dbcd2b0d54ac679e62d5d32f3e5085feba20483cf28bd505543f520e287a56d4d55a28d7874299941faf637e779a1aa5994d1267
  languageName: node
  linkType: hard

"fdir@npm:^6.5.0":
  version: 6.5.0
  resolution: "fdir@npm:6.5.0"
  peerDependencies:
    picomatch: ^3 || ^4
  peerDependenciesMeta:
    picomatch:
      optional: true
  checksum: 10c0/e345083c4306b3aed6cb8ec551e26c36bab5c511e99ea4576a16750ddc8d3240e63826cc624f5ae17ad4dc82e68a253213b60d556c11bfad064b7607847ed07f
  languageName: node
  linkType: hard

"fsevents@npm:~2.3.3":
  version: 2.3.3
  resolution: "fsevents@npm:2.3.3"
  dependencies:
    node-gyp: "npm:latest"
  checksum: 10c0/a1f0c44595123ed717febbc478aa952e47adfc28e2092be66b8ab1635147254ca6cfe1df792a8997f22716d4cbafc73309899ff7bfac2ac3ad8cf2e4ecc3ec60
  conditions: os=darwin
  languageName: node
  linkType: hard

"fsevents@patch:fsevents@npm%3A~2.3.3#optional!builtin<compat/fsevents>":
  version: 2.3.3
  resolution: "fsevents@patch:fsevents@npm%3A2.3.3#optional!builtin<compat/fsevents>::version=2.3.3&hash=df0bf1"
  dependencies:
    node-gyp: "npm:latest"
  conditions: os=darwin
  languageName: node
  linkType: hard

"graceful-fs@npm:^4.2.6":
  version: 4.2.11
  resolution: "graceful-fs@npm:4.2.11"
  checksum: 10c0/386d011a553e02bc594ac2ca0bd6d9e4c22d7fa8cfbfc448a6d148c59ea881b092db9dbe3547ae4b88e55f1b01f7c4a2ecc53b310c042793e63aa44cf6c257f2
  languageName: node
  linkType: hard

"isexe@npm:^4.0.0":
  version: 4.0.0
  resolution: "isexe@npm:4.0.0"
  checksum: 10c0/5884815115bceac452877659a9c7726382531592f43dc29e5d48b7c4100661aed54018cb90bd36cb2eaeba521092570769167acbb95c18d39afdccbcca06c5ce
  languageName: node
  linkType: hard

"jcontent-test-js-template@workspace:.":
  version: 0.0.0-use.local
  resolution: "jcontent-test-js-template@workspace:."
  dependencies:
    "@jahia/javascript-modules-library": "npm:1.2.0"
    "@jahia/vite-plugin": "npm:1.2.0"
    "@types/react": "npm:^19.2.14"
    "@types/react-dom": "npm:^19.2.3"
    react: "npm:^19.2.4"
    react-dom: "npm:^19.2.4"
    typescript: "npm:^5.9.3"
    vite: "npm:^8.0.0"
  languageName: unknown
  linkType: soft

"lightningcss-android-arm64@npm:1.32.0":
  version: 1.32.0
  resolution: "lightningcss-android-arm64@npm:1.32.0"
  conditions: os=android & cpu=arm64
  languageName: node
  linkType: hard

"lightningcss-darwin-arm64@npm:1.32.0":
  version: 1.32.0
  resolution: "lightningcss-darwin-arm64@npm:1.32.0"
  conditions: os=darwin & cpu=arm64
  languageName: node
  linkType: hard

"lightningcss-darwin-x64@npm:1.32.0":
  version: 1.32.0
  resolution: "lightningcss-darwin-x64@npm:1.32.0"
  conditions: os=darwin & cpu=x64
  languageName: node
  linkType: hard

"lightningcss-freebsd-x64@npm:1.32.0":
  version: 1.32.0
  resolution: "lightningcss-freebsd-x64@npm:1.32.0"
  conditions: os=freebsd & cpu=x64
  languageName: node
  linkType: hard

"lightningcss-linux-arm-gnueabihf@npm:1.32.0":
  version: 1.32.0
  resolution: "lightningcss-linux-arm-gnueabihf@npm:1.32.0"
  conditions: os=linux & cpu=arm
  languageName: node
  linkType: hard

"lightningcss-linux-arm64-gnu@npm:1.32.0":
  version: 1.32.0
  resolution: "lightningcss-linux-arm64-gnu@npm:1.32.0"
  conditions: os=linux & cpu=arm64 & libc=glibc
  languageName: node
  linkType: hard

"lightningcss-linux-arm64-musl@npm:1.32.0":
  version: 1.32.0
  resolution: "lightningcss-linux-arm64-musl@npm:1.32.0"
  conditions: os=linux & cpu=arm64 & libc=musl
  languageName: node
  linkType: hard

"lightningcss-linux-x64-gnu@npm:1.32.0":
  version: 1.32.0
  resolution: "lightningcss-linux-x64-gnu@npm:1.32.0"
  conditions: os=linux & cpu=x64 & libc=glibc
  languageName: node
  linkType: hard

"lightningcss-linux-x64-musl@npm:1.32.0":
  version: 1.32.0
  resolution: "lightningcss-linux-x64-musl@npm:1.32.0"
  conditions: os=linux & cpu=x64 & libc=musl
  languageName: node
  linkType: hard

"lightningcss-win32-arm64-msvc@npm:1.32.0":
  version: 1.32.0
  resolution: "lightningcss-win32-arm64-msvc@npm:1.32.0"
  conditions: os=win32 & cpu=arm64
  languageName: node
  linkType: hard

"lightningcss-win32-x64-msvc@npm:1.32.0":
  version: 1.32.0
  resolution: "lightningcss-win32-x64-msvc@npm:1.32.0"
  conditions: os=win32 & cpu=x64
  languageName: node
  linkType: hard

"lightningcss@npm:^1.32.0":
  version: 1.32.0
  resolution: "lightningcss@npm:1.32.0"
  dependencies:
    detect-libc: "npm:^2.0.3"
    lightningcss-android-arm64: "npm:1.32.0"
    lightningcss-darwin-arm64: "npm:1.32.0"
    lightningcss-darwin-x64: "npm:1.32.0"
    lightningcss-freebsd-x64: "npm:1.32.0"
    lightningcss-linux-arm-gnueabihf: "npm:1.32.0"
    lightningcss-linux-arm64-gnu: "npm:1.32.0"
    lightningcss-linux-arm64-musl: "npm:1.32.0"
    lightningcss-linux-x64-gnu: "npm:1.32.0"
    lightningcss-linux-x64-musl: "npm:1.32.0"
    lightningcss-win32-arm64-msvc: "npm:1.32.0"
    lightningcss-win32-x64-msvc: "npm:1.32.0"
  dependenciesMeta:
    lightningcss-android-arm64:
      optional: true
    lightningcss-darwin-arm64:
      optional: true
    lightningcss-darwin-x64:
      optional: true
    lightningcss-freebsd-x64:
      optional: true
    lightningcss-linux-arm-gnueabihf:
      optional: true
    lightningcss-linux-arm64-gnu:
      optional: true
    lightningcss-linux-arm64-musl:
      optional: true
    lightningcss-linux-x64-gnu:
      optional: true
    lightningcss-linux-x64-musl:
      optional: true
    lightningcss-win32-arm64-msvc:
      optional: true
    lightningcss-win32-x64-msvc:
      optional: true
  checksum: 10c0/70945bd55097af46fc9fab7f5ed09cd5869d85940a2acab7ee06d0117004a1d68155708a2d462531cea2fc3c67aefc9333a7068c80b0b78dd404c16838809e03
  languageName: node
  linkType: hard

"magic-string@npm:^0.30.21":
  version: 0.30.21
  resolution: "magic-string@npm:0.30.21"
  dependencies:
    "@jridgewell/sourcemap-codec": "npm:^1.5.5"
  checksum: 10c0/299378e38f9a270069fc62358522ddfb44e94244baa0d6a8980ab2a9b2490a1d03b236b447eee309e17eb3bddfa482c61259d47960eb018a904f0ded52780c4a
  languageName: node
  linkType: hard

"minipass@npm:^7.0.4, minipass@npm:^7.1.2":
  version: 7.1.3
  resolution: "minipass@npm:7.1.3"
  checksum: 10c0/539da88daca16533211ea5a9ee98dc62ff5742f531f54640dd34429e621955e91cc280a91a776026264b7f9f6735947629f920944e9c1558369e8bf22eb33fbb
  languageName: node
  linkType: hard

"minizlib@npm:^3.1.0":
  version: 3.1.0
  resolution: "minizlib@npm:3.1.0"
  dependencies:
    minipass: "npm:^7.1.2"
  checksum: 10c0/5aad75ab0090b8266069c9aabe582c021ae53eb33c6c691054a13a45db3b4f91a7fb1bd79151e6b4e9e9a86727b522527c0a06ec7d45206b745d54cd3097bcec
  languageName: node
  linkType: hard

"nanoid@npm:^3.3.11":
  version: 3.3.12
  resolution: "nanoid@npm:3.3.12"
  bin:
    nanoid: bin/nanoid.cjs
  checksum: 10c0/ba142b7b39e11e80c16dd74b0365d407880c87c1cf7e1480956981ae940ee36060fa5b6f092cd1e315184dd19244c657bd017d03327bd3c62247d691c5e8edfb
  languageName: node
  linkType: hard

"node-gyp@npm:latest":
  version: 12.3.0
  resolution: "node-gyp@npm:12.3.0"
  dependencies:
    env-paths: "npm:^2.2.0"
    exponential-backoff: "npm:^3.1.1"
    graceful-fs: "npm:^4.2.6"
    nopt: "npm:^9.0.0"
    proc-log: "npm:^6.0.0"
    semver: "npm:^7.3.5"
    tar: "npm:^7.5.4"
    tinyglobby: "npm:^0.2.12"
    undici: "npm:^6.25.0"
    which: "npm:^6.0.0"
  bin:
    node-gyp: bin/node-gyp.js
  checksum: 10c0/9d9032b405cbe42f72a105259d9eb679376470c102df4a2dbaa51e07d59bf741dcffb85897087ea9d8318b9cabb824a8978af51508ae142f0239ae1e6a3c2329
  languageName: node
  linkType: hard

"nopt@npm:^9.0.0":
  version: 9.0.0
  resolution: "nopt@npm:9.0.0"
  dependencies:
    abbrev: "npm:^4.0.0"
  bin:
    nopt: bin/nopt.js
  checksum: 10c0/1822eb6f9b020ef6f7a7516d7b64a8036e09666ea55ac40416c36e4b2b343122c3cff0e2f085675f53de1d2db99a2a89a60ccea1d120bcd6a5347bf6ceb4a7fd
  languageName: node
  linkType: hard

"picocolors@npm:^1.1.1":
  version: 1.1.1
  resolution: "picocolors@npm:1.1.1"
  checksum: 10c0/e2e3e8170ab9d7c7421969adaa7e1b31434f789afb9b3f115f6b96d91945041ac3ceb02e9ec6fe6510ff036bcc0bf91e69a1772edc0b707e12b19c0f2d6bcf58
  languageName: node
  linkType: hard

"picomatch@npm:^4.0.2, picomatch@npm:^4.0.4":
  version: 4.0.4
  resolution: "picomatch@npm:4.0.4"
  checksum: 10c0/e2c6023372cc7b5764719a5ffb9da0f8e781212fa7ca4bd0562db929df8e117460f00dff3cb7509dacfc06b86de924b247f504d0ce1806a37fac4633081466b0
  languageName: node
  linkType: hard

"postcss@npm:^8.5.10":
  version: 8.5.13
  resolution: "postcss@npm:8.5.13"
  dependencies:
    nanoid: "npm:^3.3.11"
    picocolors: "npm:^1.1.1"
    source-map-js: "npm:^1.2.1"
  checksum: 10c0/3aa7c8cbdfbfd99b34406a433cef56d164dd135fc9cb9e63d487cc363291f877a55ec7b8ff6ec15348c17c2d98a43be46bfad671e6340403041a3e79f70c2f2f
  languageName: node
  linkType: hard

"proc-log@npm:^6.0.0":
  version: 6.1.0
  resolution: "proc-log@npm:6.1.0"
  checksum: 10c0/4f178d4062733ead9d71a9b1ab24ebcecdfe2250916a5b1555f04fe2eda972a0ec76fbaa8df1ad9c02707add6749219d118a4fc46dc56bdfe4dde4b47d80bb82
  languageName: node
  linkType: hard

"react-dom@npm:^19.2.4":
  version: 19.2.5
  resolution: "react-dom@npm:19.2.5"
  dependencies:
    scheduler: "npm:^0.27.0"
  peerDependencies:
    react: ^19.2.5
  checksum: 10c0/8067606e9f58e4c2e8cb5f09570217dbc71c4843ebcaa20ae2085912d3e3a351f17d8f7c1713313cdda7f272840c8c34ff6c860fcb840862071bceea218e0c63
  languageName: node
  linkType: hard

"react@npm:^19.2.4":
  version: 19.2.5
  resolution: "react@npm:19.2.5"
  checksum: 10c0/4b5f231dbef92886f602533c9ce3bde04d99f0e71dfb5d794c43e02726efaad0421c08688f75fc98a6d6e1dc017372e1af7abbfecdc86a79968f461675931a7a
  languageName: node
  linkType: hard

"rolldown@npm:1.0.0-rc.17":
  version: 1.0.0-rc.17
  resolution: "rolldown@npm:1.0.0-rc.17"
  dependencies:
    "@oxc-project/types": "npm:=0.127.0"
    "@rolldown/binding-android-arm64": "npm:1.0.0-rc.17"
    "@rolldown/binding-darwin-arm64": "npm:1.0.0-rc.17"
    "@rolldown/binding-darwin-x64": "npm:1.0.0-rc.17"
    "@rolldown/binding-freebsd-x64": "npm:1.0.0-rc.17"
    "@rolldown/binding-linux-arm-gnueabihf": "npm:1.0.0-rc.17"
    "@rolldown/binding-linux-arm64-gnu": "npm:1.0.0-rc.17"
    "@rolldown/binding-linux-arm64-musl": "npm:1.0.0-rc.17"
    "@rolldown/binding-linux-ppc64-gnu": "npm:1.0.0-rc.17"
    "@rolldown/binding-linux-s390x-gnu": "npm:1.0.0-rc.17"
    "@rolldown/binding-linux-x64-gnu": "npm:1.0.0-rc.17"
    "@rolldown/binding-linux-x64-musl": "npm:1.0.0-rc.17"
    "@rolldown/binding-openharmony-arm64": "npm:1.0.0-rc.17"
    "@rolldown/binding-wasm32-wasi": "npm:1.0.0-rc.17"
    "@rolldown/binding-win32-arm64-msvc": "npm:1.0.0-rc.17"
    "@rolldown/binding-win32-x64-msvc": "npm:1.0.0-rc.17"
    "@rolldown/pluginutils": "npm:1.0.0-rc.17"
  dependenciesMeta:
    "@rolldown/binding-android-arm64":
      optional: true
    "@rolldown/binding-darwin-arm64":
      optional: true
    "@rolldown/binding-darwin-x64":
      optional: true
    "@rolldown/binding-freebsd-x64":
      optional: true
    "@rolldown/binding-linux-arm-gnueabihf":
      optional: true
    "@rolldown/binding-linux-arm64-gnu":
      optional: true
    "@rolldown/binding-linux-arm64-musl":
      optional: true
    "@rolldown/binding-linux-ppc64-gnu":
      optional: true
    "@rolldown/binding-linux-s390x-gnu":
      optional: true
    "@rolldown/binding-linux-x64-gnu":
      optional: true
    "@rolldown/binding-linux-x64-musl":
      optional: true
    "@rolldown/binding-openharmony-arm64":
      optional: true
    "@rolldown/binding-wasm32-wasi":
      optional: true
    "@rolldown/binding-win32-arm64-msvc":
      optional: true
    "@rolldown/binding-win32-x64-msvc":
      optional: true
  bin:
    rolldown: bin/cli.mjs
  checksum: 10c0/bb99abc62ece4e34edd06d2b8eb9ffb7194dc2f0465a4329bb106cbde3006a10f1575e3580b198b793341109a2109581aed623c537c12b0c3a4ba0d72169b2fb
  languageName: node
  linkType: hard

"scheduler@npm:^0.27.0":
  version: 0.27.0
  resolution: "scheduler@npm:0.27.0"
  checksum: 10c0/4f03048cb05a3c8fddc45813052251eca00688f413a3cee236d984a161da28db28ba71bd11e7a3dd02f7af84ab28d39fb311431d3b3772fed557945beb00c452
  languageName: node
  linkType: hard

"semver@npm:^7.3.5":
  version: 7.7.4
  resolution: "semver@npm:7.7.4"
  bin:
    semver: bin/semver.js
  checksum: 10c0/5215ad0234e2845d4ea5bb9d836d42b03499546ddafb12075566899fc617f68794bb6f146076b6881d755de17d6c6cc73372555879ec7dce2c2feee947866ad2
  languageName: node
  linkType: hard

"source-map-js@npm:^1.2.1":
  version: 1.2.1
  resolution: "source-map-js@npm:1.2.1"
  checksum: 10c0/7bda1fc4c197e3c6ff17de1b8b2c20e60af81b63a52cb32ec5a5d67a20a7d42651e2cb34ebe93833c5a2a084377e17455854fee3e21e7925c64a51b6a52b0faf
  languageName: node
  linkType: hard

"tar@npm:^7.5.4":
  version: 7.5.13
  resolution: "tar@npm:7.5.13"
  dependencies:
    "@isaacs/fs-minipass": "npm:^4.0.0"
    chownr: "npm:^3.0.0"
    minipass: "npm:^7.1.2"
    minizlib: "npm:^3.1.0"
    yallist: "npm:^5.0.0"
  checksum: 10c0/5c65b8084799bde7a791593a1c1a45d3d6ee98182e3700b24c247b7b8f8654df4191642abbdb07ff25043d45dcff35620827c3997b88ae6c12040f64bed5076b
  languageName: node
  linkType: hard

"tinyglobby@npm:^0.2.12, tinyglobby@npm:^0.2.15, tinyglobby@npm:^0.2.16":
  version: 0.2.16
  resolution: "tinyglobby@npm:0.2.16"
  dependencies:
    fdir: "npm:^6.5.0"
    picomatch: "npm:^4.0.4"
  checksum: 10c0/f2e09fd93dd95c41e522113b686ff6f7c13020962f8698a864a257f3d7737599afc47722b7ab726e12f8a813f779906187911ff8ee6701ede65072671a7e934b
  languageName: node
  linkType: hard

"tslib@npm:^2.4.0":
  version: 2.8.1
  resolution: "tslib@npm:2.8.1"
  checksum: 10c0/9c4759110a19c53f992d9aae23aac5ced636e99887b51b9e61def52611732872ff7668757d4e4c61f19691e36f4da981cd9485e869b4a7408d689f6bf1f14e62
  languageName: node
  linkType: hard

"typescript@npm:^5.9.3":
  version: 5.9.3
  resolution: "typescript@npm:5.9.3"
  bin:
    tsc: bin/tsc
    tsserver: bin/tsserver
  checksum: 10c0/6bd7552ce39f97e711db5aa048f6f9995b53f1c52f7d8667c1abdc1700c68a76a308f579cd309ce6b53646deb4e9a1be7c813a93baaf0a28ccd536a30270e1c5
  languageName: node
  linkType: hard

"typescript@patch:typescript@npm%3A^5.9.3#optional!builtin<compat/typescript>":
  version: 5.9.3
  resolution: "typescript@patch:typescript@npm%3A5.9.3#optional!builtin<compat/typescript>::version=5.9.3&hash=5786d5"
  bin:
    tsc: bin/tsc
    tsserver: bin/tsserver
  checksum: 10c0/ad09fdf7a756814dce65bc60c1657b40d44451346858eea230e10f2e95a289d9183b6e32e5c11e95acc0ccc214b4f36289dcad4bf1886b0adb84d711d336a430
  languageName: node
  linkType: hard

"undici@npm:^6.25.0":
  version: 6.25.0
  resolution: "undici@npm:6.25.0"
  checksum: 10c0/2597cc6689bdb02c210c557b1f85febbfda65becae6e6fc1061508e2f33734d25207f81cd8af56ada9956329eb3a7bd7431e87dcfeceba20ee87059b57dcf985
  languageName: node
  linkType: hard

"vite@npm:^8.0.0":
  version: 8.0.10
  resolution: "vite@npm:8.0.10"
  dependencies:
    fsevents: "npm:~2.3.3"
    lightningcss: "npm:^1.32.0"
    picomatch: "npm:^4.0.4"
    postcss: "npm:^8.5.10"
    rolldown: "npm:1.0.0-rc.17"
    tinyglobby: "npm:^0.2.16"
  peerDependencies:
    "@types/node": ^20.19.0 || >=22.12.0
    "@vitejs/devtools": ^0.1.0
    esbuild: ^0.27.0 || ^0.28.0
    jiti: ">=1.21.0"
    less: ^4.0.0
    sass: ^1.70.0
    sass-embedded: ^1.70.0
    stylus: ">=0.54.8"
    sugarss: ^5.0.0
    terser: ^5.16.0
    tsx: ^4.8.1
    yaml: ^2.4.2
  dependenciesMeta:
    fsevents:
      optional: true
  peerDependenciesMeta:
    "@types/node":
      optional: true
    "@vitejs/devtools":
      optional: true
    esbuild:
      optional: true
    jiti:
      optional: true
    less:
      optional: true
    sass:
      optional: true
    sass-embedded:
      optional: true
    stylus:
      optional: true
    sugarss:
      optional: true
    terser:
      optional: true
    tsx:
      optional: true
    yaml:
      optional: true
  bin:
    vite: bin/vite.js
  checksum: 10c0/92188b82654f856dbe562a1b679de695bb6ca18c0f43c4c276f84a869fb78e22dedb7c2df83b5617d6afdca979c059d654b5f61a0936a45f49917f352b9325ca
  languageName: node
  linkType: hard

"which@npm:^6.0.0":
  version: 6.0.1
  resolution: "which@npm:6.0.1"
  dependencies:
    isexe: "npm:^4.0.0"
  bin:
    node-which: bin/which.js
  checksum: 10c0/7e710e54ea36d2d6183bee2f9caa27a3b47b9baf8dee55a199b736fcf85eab3b9df7556fca3d02b50af7f3dfba5ea3a45644189836df06267df457e354da66d5
  languageName: node
  linkType: hard

"yallist@npm:^5.0.0":
  version: 5.0.0
  resolution: "yallist@npm:5.0.0"
  checksum: 10c0/a499c81ce6d4a1d260d4ea0f6d49ab4da09681e32c3f0472dee16667ed69d01dae63a3b81745a24bd78476ec4fcf856114cb4896ace738e01da34b2c42235416
  languageName: node
  linkType: hard
